
Microsoft Visual Studio Solution File, Format Version 12.00
# Visual Studio Version 17
VisualStudioVersion = 17.7.34024.191
MinimumVisualStudioVersion = 10.0.40219.1
Project("{2150E333-8FDC-42A3-9474-1A3956D46DE8}") = "src", "src", "{F8F3CE1D-1374-4BC7-AB4D-04745B8AEA87}"
EndProject
Project("{2150E333-8FDC-42A3-9474-1A3956D46DE8}") = "test", "test", "{9B559C97-9922-4468-8C72-614953B358C8}"
EndProject
Project("{9A19103F-16F7-4668-BE54-9A1E7A4F7556}") = "ProjectManager.App", "src\ProjectManager.App\ProjectManager.App.csproj", "{B524EC34-2AAA-4BFA-92D8-517D520C2203}"
EndProject
Project("{9A19103F-16F7-4668-BE54-9A1E7A4F7556}") = "ProjectManager.Core", "src\ProjectManager.Core\ProjectManager.Core.csproj", "{6B81FEF7-53FC-4B21-A55C-B7A0DDBE92C3}"
EndProject
Project("{FAE04EC0-301F-11D3-BF4B-00C04F79EFBC}") = "ProjectManager.Tests", "tests\ProjectManager.Tests\ProjectManager.Tests.csproj", "{50EB1A9B-B10B-4AF6-B30C-34BBF1881EE8}"
EndProject
Global
	GlobalSection(SolutionConfigurationPlatforms) = preSolution
		Debug|Any CPU = Debug|Any CPU
		Release|Any CPU = Release|Any CPU
	EndGlobalSection
	GlobalSection(ProjectConfigurationPlatforms) = postSolution
		{B524EC34-2AAA-4BFA-92D8-517D520C2203}.Debug|Any CPU.ActiveCfg = Debug|Any CPU
		{B524EC34-2AAA-4BFA-92D8-517D520C2203}.Debug|Any CPU.Build.0 = Debug|Any CPU
		{B524EC34-2AAA-4BFA-92D8-517D520C2203}.Release|Any CPU.ActiveCfg = Release|Any CPU
		{B524EC34-2AAA-4BFA-92D8-517D520C2203}.Release|Any CPU.Build.0 = Release|Any CPU
		{6B81FEF7-53FC-4B21-A55C-B7A0DDBE92C3}.Debug|Any CPU.ActiveCfg = Debug|Any CPU
		{6B81FEF7-53FC-4B21-A55C-B7A0DDBE92C3}.Debug|Any CPU.Build.0 = Debug|Any CPU
		{6B81FEF7-53FC-4B21-A55C-B7A0DDBE92C3}.Release|Any CPU.ActiveCfg = Release|Any CPU
		{6B81FEF7-53FC-4B21-A55C-B7A0DDBE92C3}.Release|Any CPU.Build.0 = Release|Any CPU
		{50EB1A9B-B10B-4AF6-B30C-34BBF1881EE8}.Debug|Any CPU.ActiveCfg = Debug|Any CPU
		{50EB1A9B-B10B-4AF6-B30C-34BBF1881EE8}.Debug|Any CPU.Build.0 = Debug|Any CPU
		{50EB1A9B-B10B-4AF6-B30C-34BBF1881EE8}.Release|Any CPU.ActiveCfg = Release|Any CPU
		{50EB1A9B-B10B-4AF6-B30C-34BBF1881EE8}.Release|Any CPU.Build.0 = Release|Any CPU
	EndGlobalSection
	GlobalSection(SolutionProperties) = preSolution
		HideSolutionNode = FALSE
	EndGlobalSection
	GlobalSection(NestedProjects) = preSolution
		{B524EC34-2AAA-4BFA-92D8-517D520C2203} = {F8F3CE1D-1374-4BC7-AB4D-04745B8AEA87}
		{6B81FEF7-53FC-4B21-A55C-B7A0DDBE92C3} = {F8F3CE1D-1374-4BC7-AB4D-04745B8AEA87}
		{50EB1A9B-B10B-4AF6-B30C-34BBF1881EE8} = {9B559C97-9922-4468-8C72-614953B358C8}
	EndGlobalSection
	GlobalSection(ExtensibilityGlobals) = postSolution
		SolutionGuid = {7ADA5762-B005-4ED7-8915-BEF698A86DD3}
	EndGlobalSection
EndGlobal
